{
  "version": 4,
  "terraform_version": "1.1.7",
  "serial": 207,
  "lineage": "de86a539-bbb4-67a2-867b-4f960665d25e",
  "outputs": {
    "eks_clsuter_endpoint": {
      "value": "https://0B5B7975ACCC49C7D404C438A50786E1.gr7.us-east-1.eks.amazonaws.com",
      "type": "string"
    },
    "eks_cluster_certificate_authority": {
      "value": [
        {
          "data": "LS0tLS1CRUdJTiBDRVJUSUZJQ0FURS0tLS0tCk1JSUM1ekNDQWMrZ0F3SUJBZ0lCQURBTkJna3Foa2lHOXcwQkFRc0ZBREFWTVJNd0VRWURWUVFERXdwcmRXSmwKY201bGRHVnpNQjRYRFRJeU1ETXhOakV6TURReU1Gb1hEVE15TURNeE16RXpNRFF5TUZvd0ZURVRNQkVHQTFVRQpBeE1LYTNWaVpYSnVaWFJsY3pDQ0FTSXdEUVlKS29aSWh2Y05BUUVCQlFBRGdnRVBBRENDQVFvQ2dnRUJBTktHClkyckJxRzJ4V0ZrK2M5TFNSRTIzMy9jbkxua3pZKzgvVEVDMjNHVmZLME9wb0JGMDZBNVJjUTlHdUdyeEVpejMKL1U5RTRHb3RaVm1zL1MvcUFmSEFxaW5MTXpLLzhoVXBrZnplTXJlUk0rTmtqQWZsUGl0STExNFJML3dTb0V3RwpzMkhaQ1RKaWkzMEZiY25Va2FNOVlUSUJid0RUcmpqSVgyR29sbVVwVHliSEM1MkQwbHJLRjhFOFdDOWtySFZECmhwZXRoL3lGWHVpWVQySlZEYWZEanltekFyVEw0UUJFZUtXbGU3R0FuVklFRXZIMWVhTFFEVGgrQzhkVzFURG0KZHFpR21JUmJFbitNSGFPbDVYd2VoNWsvUHZYU3cxdGUyek1UdnUyNThMcTJFOXVtSi9yOVZqTUo1VUYxVWdFMAozSmlKbW1KOCtHc1VScUg0RWpFQ0F3RUFBYU5DTUVBd0RnWURWUjBQQVFIL0JBUURBZ0trTUE4R0ExVWRFd0VCCi93UUZNQU1CQWY4d0hRWURWUjBPQkJZRUZCd3dRRFl3VmJOc29vU08vNlo4MGpncDljNVNNQTBHQ1NxR1NJYjMKRFFFQkN3VUFBNElCQVFER0lVTUJtcjQ1SFNYS1BtZDdGeXVleFV2OWlJV0grcHc2NWxjWjJINFgrOXNUVEV4NApJdWIxdWlSV20zMW9Td0hlb0s5UW1iKzYyL3dyNWE3OE1qTFdYYlRqUzdjczRXTzF3V0RBRTczOW5DNXkyWFNtClRxUHVUaEFCMXBkKzFqYUpHbSs3STZBMTFkSDJUWDhqWU1naHNMWEpPK3R5SmFBeFhvVkpHRkl4aVlqaytDcDEKUWR6dHFHQ2lPYkpuMkduVmhMZU4vamRKZGZXNnhGNm9nZHY1emFxVlVrd3dua21GY1RpVTBxYnNKdGNRK1VLcApOUDJ1K1NNL2p4cUE1T3dSMGpUUE16S01vZ1dxcXpUOENsOTIxQll6Rko3MGJCRVRiWkF2YlRjZW1pWDArVDdTCkJoWFFLU1BXY2VvbHlKVU5ZUG02RTRyWFNVdjZaWGwya3dYdgotLS0tLUVORCBDRVJUSUZJQ0FURS0tLS0tCg=="
        }
      ],
      "type": [
        "list",
        [
          "object",
          {
            "data": "string"
          }
        ]
      ]
    }
  },
  "resources": [
    {
      "mode": "managed",
      "type": "aws_eks_cluster",
      "name": "testcluster",
      "provider": "provider[\"registry.terraform.io/hashicorp/aws\"]",
      "instances": [
        {
          "schema_version": 0,
          "attributes": {
            "arn": "arn:aws:eks:us-east-1:260947732003:cluster/testcluster",
            "certificate_authority": [
              {
                "data": "LS0tLS1CRUdJTiBDRVJUSUZJQ0FURS0tLS0tCk1JSUM1ekNDQWMrZ0F3SUJBZ0lCQURBTkJna3Foa2lHOXcwQkFRc0ZBREFWTVJNd0VRWURWUVFERXdwcmRXSmwKY201bGRHVnpNQjRYRFRJeU1ETXhOakV6TURReU1Gb1hEVE15TURNeE16RXpNRFF5TUZvd0ZURVRNQkVHQTFVRQpBeE1LYTNWaVpYSnVaWFJsY3pDQ0FTSXdEUVlKS29aSWh2Y05BUUVCQlFBRGdnRVBBRENDQVFvQ2dnRUJBTktHClkyckJxRzJ4V0ZrK2M5TFNSRTIzMy9jbkxua3pZKzgvVEVDMjNHVmZLME9wb0JGMDZBNVJjUTlHdUdyeEVpejMKL1U5RTRHb3RaVm1zL1MvcUFmSEFxaW5MTXpLLzhoVXBrZnplTXJlUk0rTmtqQWZsUGl0STExNFJML3dTb0V3RwpzMkhaQ1RKaWkzMEZiY25Va2FNOVlUSUJid0RUcmpqSVgyR29sbVVwVHliSEM1MkQwbHJLRjhFOFdDOWtySFZECmhwZXRoL3lGWHVpWVQySlZEYWZEanltekFyVEw0UUJFZUtXbGU3R0FuVklFRXZIMWVhTFFEVGgrQzhkVzFURG0KZHFpR21JUmJFbitNSGFPbDVYd2VoNWsvUHZYU3cxdGUyek1UdnUyNThMcTJFOXVtSi9yOVZqTUo1VUYxVWdFMAozSmlKbW1KOCtHc1VScUg0RWpFQ0F3RUFBYU5DTUVBd0RnWURWUjBQQVFIL0JBUURBZ0trTUE4R0ExVWRFd0VCCi93UUZNQU1CQWY4d0hRWURWUjBPQkJZRUZCd3dRRFl3VmJOc29vU08vNlo4MGpncDljNVNNQTBHQ1NxR1NJYjMKRFFFQkN3VUFBNElCQVFER0lVTUJtcjQ1SFNYS1BtZDdGeXVleFV2OWlJV0grcHc2NWxjWjJINFgrOXNUVEV4NApJdWIxdWlSV20zMW9Td0hlb0s5UW1iKzYyL3dyNWE3OE1qTFdYYlRqUzdjczRXTzF3V0RBRTczOW5DNXkyWFNtClRxUHVUaEFCMXBkKzFqYUpHbSs3STZBMTFkSDJUWDhqWU1naHNMWEpPK3R5SmFBeFhvVkpHRkl4aVlqaytDcDEKUWR6dHFHQ2lPYkpuMkduVmhMZU4vamRKZGZXNnhGNm9nZHY1emFxVlVrd3dua21GY1RpVTBxYnNKdGNRK1VLcApOUDJ1K1NNL2p4cUE1T3dSMGpUUE16S01vZ1dxcXpUOENsOTIxQll6Rko3MGJCRVRiWkF2YlRjZW1pWDArVDdTCkJoWFFLU1BXY2VvbHlKVU5ZUG02RTRyWFNVdjZaWGwya3dYdgotLS0tLUVORCBDRVJUSUZJQ0FURS0tLS0tCg=="
              }
            ],
            "created_at": "2022-03-16 12:58:03.125 +0000 UTC",
            "enabled_cluster_log_types": null,
            "encryption_config": [],
            "endpoint": "https://0B5B7975ACCC49C7D404C438A50786E1.gr7.us-east-1.eks.amazonaws.com",
            "id": "testcluster",
            "identity": [
              {
                "oidc": [
                  {
                    "issuer": "https://oidc.eks.us-east-1.amazonaws.com/id/0B5B7975ACCC49C7D404C438A50786E1"
                  }
                ]
              }
            ],
            "kubernetes_network_config": [
              {
                "ip_family": "ipv4",
                "service_ipv4_cidr": "172.20.0.0/16"
              }
            ],
            "name": "testcluster",
            "platform_version": "eks.5",
            "role_arn": "arn:aws:iam::260947732003:role/eksiamtest",
            "status": "ACTIVE",
            "tags": null,
            "tags_all": {},
            "timeouts": null,
            "version": "1.21",
            "vpc_config": [
              {
                "cluster_security_group_id": "sg-0f2cfe3a7a1ad59d0",
                "endpoint_private_access": false,
                "endpoint_public_access": true,
                "public_access_cidrs": [
                  "0.0.0.0/0"
                ],
                "security_group_ids": null,
                "subnet_ids": [
                  "subnet-08a295256e5c409f6",
                  "subnet-0d580cc460f6c21d0"
                ],
                "vpc_id": "vpc-08647daa3338dc691"
              }
            ]
          },
          "sensitive_attributes": [],
          "private": "eyJlMmJmYjczMC1lY2FhLTExZTYtOGY4OC0zNDM2M2JjN2M0YzAiOnsiY3JlYXRlIjoxODAwMDAwMDAwMDAwLCJkZWxldGUiOjkwMDAwMDAwMDAwMCwidXBkYXRlIjozNjAwMDAwMDAwMDAwfX0=",
          "dependencies": [
            "aws_iam_role.eksiamtest",
            "aws_subnet.private",
            "aws_subnet.public",
            "aws_vpc.main"
          ]
        }
      ]
    },
    {
      "mode": "managed",
      "type": "aws_eks_node_group",
      "name": "nodegrouptest",
      "provider": "provider[\"registry.terraform.io/hashicorp/aws\"]",
      "instances": [
        {
          "schema_version": 0,
          "attributes": {
            "ami_type": "AL2_x86_64",
            "arn": "arn:aws:eks:us-east-1:260947732003:nodegroup/testcluster/TestNodeGroup/14bfc96b-3346-94e4-efe9-000a7822a111",
            "capacity_type": "ON_DEMAND",
            "cluster_name": "testcluster",
            "disk_size": 20,
            "force_update_version": null,
            "id": "testcluster:TestNodeGroup",
            "instance_types": [
              "t3.medium"
            ],
            "labels": null,
            "launch_template": [],
            "node_group_name": "TestNodeGroup",
            "node_group_name_prefix": "",
            "node_role_arn": "arn:aws:iam::260947732003:role/eksiamtest",
            "release_version": "1.21.5-20220309",
            "remote_access": [],
            "resources": [
              {
                "autoscaling_groups": [
                  {
                    "name": "eks-TestNodeGroup-14bfc96b-3346-94e4-efe9-000a7822a111"
                  }
                ],
                "remote_access_security_group_id": ""
              }
            ],
            "scaling_config": [
              {
                "desired_size": 1,
                "max_size": 2,
                "min_size": 1
              }
            ],
            "status": "ACTIVE",
            "subnet_ids": [
              "subnet-08a295256e5c409f6",
              "subnet-0d580cc460f6c21d0"
            ],
            "tags": null,
            "tags_all": {},
            "taint": [],
            "timeouts": null,
            "update_config": [
              {
                "max_unavailable": 2,
                "max_unavailable_percentage": 0
              }
            ],
            "version": "1.21"
          },
          "sensitive_attributes": [],
          "private": "eyJlMmJmYjczMC1lY2FhLTExZTYtOGY4OC0zNDM2M2JjN2M0YzAiOnsiY3JlYXRlIjozNjAwMDAwMDAwMDAwLCJkZWxldGUiOjM2MDAwMDAwMDAwMDAsInVwZGF0ZSI6MzYwMDAwMDAwMDAwMH19",
          "dependencies": [
            "aws_eks_cluster.testcluster",
            "aws_iam_role.eksiamtest",
            "aws_subnet.private",
            "aws_subnet.public",
            "aws_vpc.main"
          ]
        }
      ]
    },
    {
      "mode": "managed",
      "type": "aws_iam_role",
      "name": "eksiamtest",
      "provider": "provider[\"registry.terraform.io/hashicorp/aws\"]",
      "instances": [
        {
          "schema_version": 0,
          "attributes": {
            "arn": "arn:aws:iam::260947732003:role/eksiamtest",
            "assume_role_policy": "{\"Version\":\"2012-10-17\",\"Statement\":[{\"Effect\":\"Allow\",\"Principal\":{\"Service\":[\"ec2.amazonaws.com\",\"eks.amazonaws.com\"]},\"Action\":\"sts:AssumeRole\"}]}",
            "create_date": "2022-03-16T12:57:49Z",
            "description": "",
            "force_detach_policies": false,
            "id": "eksiamtest",
            "inline_policy": [
              {
                "name": "",
                "policy": ""
              }
            ],
            "managed_policy_arns": [],
            "max_session_duration": 3600,
            "name": "eksiamtest",
            "name_prefix": "",
            "path": "/",
            "permissions_boundary": null,
            "tags": null,
            "tags_all": {},
            "unique_id": "AROATZQNSMYRYYYWBEJMO"
          },
          "sensitive_attributes": [],
          "private": "bnVsbA=="
        }
      ]
    },
    {
      "mode": "managed",
      "type": "aws_iam_role_policy_attachment",
      "name": "eksiamtest-AmazonEC2ContainerRegistryReadOnly",
      "provider": "provider[\"registry.terraform.io/hashicorp/aws\"]",
      "instances": [
        {
          "schema_version": 0,
          "attributes": {
            "id": "eksiamtest-20220316125747829200000002",
            "policy_arn": "arn:aws:iam::aws:policy/AmazonEC2ContainerRegistryReadOnly",
            "role": "eksiamtest"
          },
          "sensitive_attributes": [],
          "private": "bnVsbA==",
          "dependencies": [
            "aws_iam_role.eksiamtest"
          ]
        }
      ]
    },
    {
      "mode": "managed",
      "type": "aws_iam_role_policy_attachment",
      "name": "eksiamtest-AmazonEKSClusterPolicy",
      "provider": "provider[\"registry.terraform.io/hashicorp/aws\"]",
      "instances": [
        {
          "schema_version": 0,
          "attributes": {
            "id": "eksiamtest-20220316125747847400000004",
            "policy_arn": "arn:aws:iam::aws:policy/AmazonEKSClusterPolicy",
            "role": "eksiamtest"
          },
          "sensitive_attributes": [],
          "private": "bnVsbA==",
          "dependencies": [
            "aws_iam_role.eksiamtest"
          ]
        }
      ]
    },
    {
      "mode": "managed",
      "type": "aws_iam_role_policy_attachment",
      "name": "eksiamtest-AmazonEKSWorkerNodePolicy",
      "provider": "provider[\"registry.terraform.io/hashicorp/aws\"]",
      "instances": [
        {
          "schema_version": 0,
          "attributes": {
            "id": "eksiamtest-20220316125747819000000001",
            "policy_arn": "arn:aws:iam::aws:policy/AmazonEKSWorkerNodePolicy",
            "role": "eksiamtest"
          },
          "sensitive_attributes": [],
          "private": "bnVsbA==",
          "dependencies": [
            "aws_iam_role.eksiamtest"
          ]
        }
      ]
    },
    {
      "mode": "managed",
      "type": "aws_iam_role_policy_attachment",
      "name": "eksiamtest-AmazonEKS_CNI_Policy",
      "provider": "provider[\"registry.terraform.io/hashicorp/aws\"]",
      "instances": [
        {
          "schema_version": 0,
          "attributes": {
            "id": "eksiamtest-20220316125747830200000003",
            "policy_arn": "arn:aws:iam::aws:policy/AmazonEKS_CNI_Policy",
            "role": "eksiamtest"
          },
          "sensitive_attributes": [],
          "private": "bnVsbA==",
          "dependencies": [
            "aws_iam_role.eksiamtest"
          ]
        }
      ]
    },
    {
      "mode": "managed",
      "type": "aws_internet_gateway",
      "name": "gw",
      "provider": "provider[\"registry.terraform.io/hashicorp/aws\"]",
      "instances": [
        {
          "schema_version": 0,
          "attributes": {
            "arn": "arn:aws:ec2:us-east-1:260947732003:internet-gateway/igw-0d91b5bbefae40bf8",
            "id": "igw-0d91b5bbefae40bf8",
            "owner_id": "260947732003",
            "tags": null,
            "tags_all": {},
            "vpc_id": "vpc-08647daa3338dc691"
          },
          "sensitive_attributes": [],
          "private": "bnVsbA==",
          "dependencies": [
            "aws_vpc.main"
          ]
        }
      ]
    },
    {
      "mode": "managed",
      "type": "aws_route",
      "name": "igw",
      "provider": "provider[\"registry.terraform.io/hashicorp/aws\"]",
      "instances": [
        {
          "schema_version": 0,
          "attributes": {
            "carrier_gateway_id": "",
            "destination_cidr_block": "0.0.0.0/0",
            "destination_ipv6_cidr_block": "",
            "destination_prefix_list_id": "",
            "egress_only_gateway_id": "",
            "gateway_id": "igw-0d91b5bbefae40bf8",
            "id": "r-rtb-0150671c7ea53c53b1080289494",
            "instance_id": "",
            "instance_owner_id": "",
            "local_gateway_id": "",
            "nat_gateway_id": "",
            "network_interface_id": "",
            "origin": "CreateRoute",
            "route_table_id": "rtb-0150671c7ea53c53b",
            "state": "active",
            "timeouts": null,
            "transit_gateway_id": "",
            "vpc_endpoint_id": "",
            "vpc_peering_connection_id": ""
          },
          "sensitive_attributes": [],
          "private": "eyJlMmJmYjczMC1lY2FhLTExZTYtOGY4OC0zNDM2M2JjN2M0YzAiOnsiY3JlYXRlIjozMDAwMDAwMDAwMDAsImRlbGV0ZSI6MzAwMDAwMDAwMDAwLCJ1cGRhdGUiOjEyMDAwMDAwMDAwMH19",
          "dependencies": [
            "aws_internet_gateway.gw",
            "aws_route_table.AWSRT1",
            "aws_vpc.main"
          ]
        }
      ]
    },
    {
      "mode": "managed",
      "type": "aws_route_table",
      "name": "AWSRT1",
      "provider": "provider[\"registry.terraform.io/hashicorp/aws\"]",
      "instances": [
        {
          "schema_version": 0,
          "attributes": {
            "arn": "arn:aws:ec2:us-east-1:260947732003:route-table/rtb-0150671c7ea53c53b",
            "id": "rtb-0150671c7ea53c53b",
            "owner_id": "260947732003",
            "propagating_vgws": [],
            "route": [],
            "tags": null,
            "tags_all": {},
            "timeouts": null,
            "vpc_id": "vpc-08647daa3338dc691"
          },
          "sensitive_attributes": [],
          "private": "eyJlMmJmYjczMC1lY2FhLTExZTYtOGY4OC0zNDM2M2JjN2M0YzAiOnsiY3JlYXRlIjozMDAwMDAwMDAwMDAsImRlbGV0ZSI6MzAwMDAwMDAwMDAwLCJ1cGRhdGUiOjEyMDAwMDAwMDAwMH19",
          "dependencies": [
            "aws_vpc.main"
          ]
        }
      ]
    },
    {
      "mode": "managed",
      "type": "aws_route_table_association",
      "name": "PrivSub",
      "provider": "provider[\"registry.terraform.io/hashicorp/aws\"]",
      "instances": [
        {
          "schema_version": 0,
          "attributes": {
            "gateway_id": "",
            "id": "rtbassoc-02d8a28918bed2e8d",
            "route_table_id": "rtb-0150671c7ea53c53b",
            "subnet_id": "subnet-0d580cc460f6c21d0"
          },
          "sensitive_attributes": [],
          "private": "bnVsbA==",
          "dependencies": [
            "aws_route_table.AWSRT1",
            "aws_subnet.private",
            "aws_vpc.main"
          ]
        }
      ]
    },
    {
      "mode": "managed",
      "type": "aws_route_table_association",
      "name": "PubSub",
      "provider": "provider[\"registry.terraform.io/hashicorp/aws\"]",
      "instances": [
        {
          "schema_version": 0,
          "attributes": {
            "gateway_id": "",
            "id": "rtbassoc-02850286e5698f7e1",
            "route_table_id": "rtb-0150671c7ea53c53b",
            "subnet_id": "subnet-08a295256e5c409f6"
          },
          "sensitive_attributes": [],
          "private": "bnVsbA==",
          "dependencies": [
            "aws_route_table.AWSRT1",
            "aws_subnet.public",
            "aws_vpc.main"
          ]
        }
      ]
    },
    {
      "mode": "managed",
      "type": "aws_subnet",
      "name": "private",
      "provider": "provider[\"registry.terraform.io/hashicorp/aws\"]",
      "instances": [
        {
          "schema_version": 1,
          "attributes": {
            "arn": "arn:aws:ec2:us-east-1:260947732003:subnet/subnet-0d580cc460f6c21d0",
            "assign_ipv6_address_on_creation": false,
            "availability_zone": "us-east-1b",
            "availability_zone_id": "use1-az4",
            "cidr_block": "10.0.2.0/24",
            "customer_owned_ipv4_pool": "",
            "enable_dns64": false,
            "enable_resource_name_dns_a_record_on_launch": false,
            "enable_resource_name_dns_aaaa_record_on_launch": false,
            "id": "subnet-0d580cc460f6c21d0",
            "ipv6_cidr_block": "",
            "ipv6_cidr_block_association_id": "",
            "ipv6_native": false,
            "map_customer_owned_ip_on_launch": false,
            "map_public_ip_on_launch": true,
            "outpost_arn": "",
            "owner_id": "260947732003",
            "private_dns_hostname_type_on_launch": "ip-name",
            "tags": {
              "Name": "Private Subnet"
            },
            "tags_all": {
              "Name": "Private Subnet"
            },
            "timeouts": null,
            "vpc_id": "vpc-08647daa3338dc691"
          },
          "sensitive_attributes": [],
          "private": "eyJlMmJmYjczMC1lY2FhLTExZTYtOGY4OC0zNDM2M2JjN2M0YzAiOnsiY3JlYXRlIjo2MDAwMDAwMDAwMDAsImRlbGV0ZSI6MTIwMDAwMDAwMDAwMH0sInNjaGVtYV92ZXJzaW9uIjoiMSJ9",
          "dependencies": [
            "aws_vpc.main"
          ]
        }
      ]
    },
    {
      "mode": "managed",
      "type": "aws_subnet",
      "name": "public",
      "provider": "provider[\"registry.terraform.io/hashicorp/aws\"]",
      "instances": [
        {
          "schema_version": 1,
          "attributes": {
            "arn": "arn:aws:ec2:us-east-1:260947732003:subnet/subnet-08a295256e5c409f6",
            "assign_ipv6_address_on_creation": false,
            "availability_zone": "us-east-1a",
            "availability_zone_id": "use1-az2",
            "cidr_block": "10.0.1.0/24",
            "customer_owned_ipv4_pool": "",
            "enable_dns64": false,
            "enable_resource_name_dns_a_record_on_launch": false,
            "enable_resource_name_dns_aaaa_record_on_launch": false,
            "id": "subnet-08a295256e5c409f6",
            "ipv6_cidr_block": "",
            "ipv6_cidr_block_association_id": "",
            "ipv6_native": false,
            "map_customer_owned_ip_on_launch": false,
            "map_public_ip_on_launch": true,
            "outpost_arn": "",
            "owner_id": "260947732003",
            "private_dns_hostname_type_on_launch": "ip-name",
            "tags": {
              "Name": "Public Subnet"
            },
            "tags_all": {
              "Name": "Public Subnet"
            },
            "timeouts": null,
            "vpc_id": "vpc-08647daa3338dc691"
          },
          "sensitive_attributes": [],
          "private": "eyJlMmJmYjczMC1lY2FhLTExZTYtOGY4OC0zNDM2M2JjN2M0YzAiOnsiY3JlYXRlIjo2MDAwMDAwMDAwMDAsImRlbGV0ZSI6MTIwMDAwMDAwMDAwMH0sInNjaGVtYV92ZXJzaW9uIjoiMSJ9",
          "dependencies": [
            "aws_vpc.main"
          ]
        }
      ]
    },
    {
      "mode": "managed",
      "type": "aws_vpc",
      "name": "main",
      "provider": "provider[\"registry.terraform.io/hashicorp/aws\"]",
      "instances": [
        {
          "schema_version": 1,
          "attributes": {
            "arn": "arn:aws:ec2:us-east-1:260947732003:vpc/vpc-08647daa3338dc691",
            "assign_generated_ipv6_cidr_block": false,
            "cidr_block": "10.0.0.0/16",
            "default_network_acl_id": "acl-05a36a50f4e356a8a",
            "default_route_table_id": "rtb-0ff6c13ad5be53525",
            "default_security_group_id": "sg-081cc6cde9b615511",
            "dhcp_options_id": "dopt-088af5515e9110fce",
            "enable_classiclink": false,
            "enable_classiclink_dns_support": false,
            "enable_dns_hostnames": false,
            "enable_dns_support": true,
            "id": "vpc-08647daa3338dc691",
            "instance_tenancy": "default",
            "ipv4_ipam_pool_id": null,
            "ipv4_netmask_length": null,
            "ipv6_association_id": "",
            "ipv6_cidr_block": "",
            "ipv6_cidr_block_network_border_group": "",
            "ipv6_ipam_pool_id": "",
            "ipv6_netmask_length": 0,
            "main_route_table_id": "rtb-0ff6c13ad5be53525",
            "owner_id": "260947732003",
            "tags": {
              "Name": "main"
            },
            "tags_all": {
              "Name": "main"
            }
          },
          "sensitive_attributes": [],
          "private": "eyJzY2hlbWFfdmVyc2lvbiI6IjEifQ=="
        }
      ]
    }
  ]
}
