{
  "version": 4,
  "terraform_version": "1.1.7",
  "serial": 15,
  "lineage": "12ce1609-dd9b-ec79-1f42-667dd6b42400",
  "outputs": {
    "eks_cluster_certificate_authority": {
      "value": [
        {
          "data": "LS0tLS1CRUdJTiBDRVJUSUZJQ0FURS0tLS0tCk1JSURCVENDQWUyZ0F3SUJBZ0lJSnNvbnIvRnhkTEV3RFFZSktvWklodmNOQVFFTEJRQXdGVEVUTUJFR0ExVUUKQXhNS2EzVmlaWEp1WlhSbGN6QWVGdzB5TlRFeE16QXhPVFF3TXpsYUZ3MHpOVEV4TWpneE9UUTFNemxhTUJVeApFekFSQmdOVkJBTVRDbXQxWW1WeWJtVjBaWE13Z2dFaU1BMEdDU3FHU0liM0RRRUJBUVVBQTRJQkR3QXdnZ0VLCkFvSUJBUUNxdCszcUQ0RXZJaWFYdjNrbHVRQlF1QURXOVBoYUp5NGRReHY1OHdxNFJpWCt6M3ZsM0xHaU5rWXIKTUJPWUpnWElBNWYxc0NQMGRnTTdvMi84S3VZUHB2cVZXZEtPRXF4RU9heW9xZXNoamZpQ0ovMWxyZlRZRmRiVQo0UzZacHFlR1Q2dnUrNlFHbG0xL3lsc2ZTenRzQlJzN2JzZTlkU2tzb2xaWDMyTHA1VEVSVzBncGkvZXBLZVhvCllIMmRWZEZ0QlpRMlF5L2tyazhXMW5nckFKOHdiRG1yWUFaVU41bXllV1hydElMRW5raEl0cFZlUDZNdE1QSloKTDhYU0haMDR5d1lkL1d5aSt4QXQ3clJVeEZ2dk1zdzFYb05qK3RjVXBRcWZlMUR2TzUwWlVmSkhlaktmT3gwRwpvNk9tZUFhUklLWWh2emtjZzFVU3d2aE4rK3ZMQWdNQkFBR2pXVEJYTUE0R0ExVWREd0VCL3dRRUF3SUNwREFQCkJnTlZIUk1CQWY4RUJUQURBUUgvTUIwR0ExVWREZ1FXQkJUTnpTQmEyeVNmc1UzVkY5ZWYreEZSZngzemZ6QVYKQmdOVkhSRUVEakFNZ2dwcmRXSmxjbTVsZEdWek1BMEdDU3FHU0liM0RRRUJDd1VBQTRJQkFRQk9sMkFLWVBRQwpUSXo0WjJUUGRGdGo1MzY5d3UxWlpRcUpJNVZvUlpwUHlDdzM4ODI1dE5ha1pqaVFxbE04QTAvOUZNZEk3RmxmCldsMHZ0WkV3NzlnYXFoU01PVG14cEUzYitrNC9ncmc0MEdkbXB0OEltKzBKampVUzZ2d09VRisxMVB1aEw5VTkKSVN5QTdjT1ZFNzljNFNOQWFNcTFRYjZ6VFdpcDJOS1N5V2VreXoxTWlsb1doL0Z5NlE0cmtlMWlrY2lGYkVhdApVTFVCRlVrZ3RmeENmTmlrU3ZHOFhEd1lYeWIzYWdJZllJNUJCTHJPQmphdUdJVnlDWFU4aEgyMG9NTDI0SlA3ClpEYTFQQXEvTW1pRGRlSmw2ZzU3Zzljbk0yaElLQWVIcG9RQVJjNjFWOUMxR2N3eEdlSlZTMk9rMEJzZVNmUzUKeXhuaExHK1NyR2h0Ci0tLS0tRU5EIENFUlRJRklDQVRFLS0tLS0K"
        }
      ],
      "type": [
        "list",
        [
          "object",
          {
            "data": "string"
          }
        ]
      ]
    },
    "eks_cluster_endpoint": {
      "value": "https://0992C77C55DC4092736B55240A296F1E.gr7.us-east-1.eks.amazonaws.com",
      "type": "string"
    }
  },
  "resources": [
    {
      "mode": "data",
      "type": "aws_subnet",
      "name": "private",
      "provider": "provider[\"registry.terraform.io/hashicorp/aws\"]",
      "instances": [
        {
          "schema_version": 0,
          "attributes": {
            "arn": "arn:aws:ec2:us-east-1:260947732003:subnet/subnet-0971f58d03bc1bb1e",
            "assign_ipv6_address_on_creation": false,
            "availability_zone": "us-east-1b",
            "availability_zone_id": "use1-az4",
            "available_ip_address_count": 248,
            "cidr_block": "10.0.2.0/24",
            "customer_owned_ipv4_pool": "",
            "default_for_az": false,
            "enable_dns64": false,
            "enable_lni_at_device_index": 0,
            "enable_resource_name_dns_a_record_on_launch": false,
            "enable_resource_name_dns_aaaa_record_on_launch": false,
            "filter": [
              {
                "name": "tag:Name",
                "values": [
                  "Private Subnet B"
                ]
              }
            ],
            "id": "subnet-0971f58d03bc1bb1e",
            "ipv6_cidr_block": "",
            "ipv6_cidr_block_association_id": "",
            "ipv6_native": false,
            "map_customer_owned_ip_on_launch": false,
            "map_public_ip_on_launch": true,
            "outpost_arn": "",
            "owner_id": "260947732003",
            "private_dns_hostname_type_on_launch": "ip-name",
            "region": "us-east-1",
            "state": "available",
            "tags": {
              "Name": "Private Subnet B"
            },
            "timeouts": null,
            "vpc_id": "vpc-095553107e856e1ca"
          },
          "sensitive_attributes": []
        }
      ]
    },
    {
      "mode": "data",
      "type": "aws_subnet",
      "name": "private_c",
      "provider": "provider[\"registry.terraform.io/hashicorp/aws\"]",
      "instances": [
        {
          "schema_version": 0,
          "attributes": {
            "arn": "arn:aws:ec2:us-east-1:260947732003:subnet/subnet-04f296a512b189f52",
            "assign_ipv6_address_on_creation": false,
            "availability_zone": "us-east-1c",
            "availability_zone_id": "use1-az6",
            "available_ip_address_count": 250,
            "cidr_block": "10.0.3.0/24",
            "customer_owned_ipv4_pool": "",
            "default_for_az": false,
            "enable_dns64": false,
            "enable_lni_at_device_index": 0,
            "enable_resource_name_dns_a_record_on_launch": false,
            "enable_resource_name_dns_aaaa_record_on_launch": false,
            "filter": [
              {
                "name": "tag:Name",
                "values": [
                  "Private Subnet C"
                ]
              }
            ],
            "id": "subnet-04f296a512b189f52",
            "ipv6_cidr_block": "",
            "ipv6_cidr_block_association_id": "",
            "ipv6_native": false,
            "map_customer_owned_ip_on_launch": false,
            "map_public_ip_on_launch": true,
            "outpost_arn": "",
            "owner_id": "260947732003",
            "private_dns_hostname_type_on_launch": "ip-name",
            "region": "us-east-1",
            "state": "available",
            "tags": {
              "Name": "Private Subnet C"
            },
            "timeouts": null,
            "vpc_id": "vpc-095553107e856e1ca"
          },
          "sensitive_attributes": []
        }
      ]
    },
    {
      "mode": "data",
      "type": "aws_vpc",
      "name": "main_vpc",
      "provider": "provider[\"registry.terraform.io/hashicorp/aws\"]",
      "instances": [
        {
          "schema_version": 0,
          "attributes": {
            "arn": "arn:aws:ec2:us-east-1:260947732003:vpc/vpc-095553107e856e1ca",
            "cidr_block": "10.0.0.0/16",
            "cidr_block_associations": [
              {
                "association_id": "vpc-cidr-assoc-076baea3e56892a86",
                "cidr_block": "10.0.0.0/16",
                "state": "associated"
              }
            ],
            "default": false,
            "dhcp_options_id": "dopt-088af5515e9110fce",
            "enable_dns_hostnames": false,
            "enable_dns_support": true,
            "enable_network_address_usage_metrics": false,
            "filter": [
              {
                "name": "tag:Name",
                "values": [
                  "main"
                ]
              }
            ],
            "id": "vpc-095553107e856e1ca",
            "instance_tenancy": "default",
            "ipv6_association_id": "",
            "ipv6_cidr_block": "",
            "main_route_table_id": "rtb-0e95811e8ae33481c",
            "owner_id": "260947732003",
            "region": "us-east-1",
            "state": null,
            "tags": {
              "Name": "main"
            },
            "timeouts": null
          },
          "sensitive_attributes": []
        }
      ]
    },
    {
      "mode": "managed",
      "type": "aws_eks_cluster",
      "name": "testcluster",
      "provider": "provider[\"registry.terraform.io/hashicorp/aws\"]",
      "instances": [
        {
          "schema_version": 1,
          "attributes": {
            "access_config": [
              {
                "authentication_mode": "CONFIG_MAP",
                "bootstrap_cluster_creator_admin_permissions": true
              }
            ],
            "arn": "arn:aws:eks:us-east-1:260947732003:cluster/testcluster",
            "bootstrap_self_managed_addons": true,
            "certificate_authority": [
              {
                "data": "LS0tLS1CRUdJTiBDRVJUSUZJQ0FURS0tLS0tCk1JSURCVENDQWUyZ0F3SUJBZ0lJSnNvbnIvRnhkTEV3RFFZSktvWklodmNOQVFFTEJRQXdGVEVUTUJFR0ExVUUKQXhNS2EzVmlaWEp1WlhSbGN6QWVGdzB5TlRFeE16QXhPVFF3TXpsYUZ3MHpOVEV4TWpneE9UUTFNemxhTUJVeApFekFSQmdOVkJBTVRDbXQxWW1WeWJtVjBaWE13Z2dFaU1BMEdDU3FHU0liM0RRRUJBUVVBQTRJQkR3QXdnZ0VLCkFvSUJBUUNxdCszcUQ0RXZJaWFYdjNrbHVRQlF1QURXOVBoYUp5NGRReHY1OHdxNFJpWCt6M3ZsM0xHaU5rWXIKTUJPWUpnWElBNWYxc0NQMGRnTTdvMi84S3VZUHB2cVZXZEtPRXF4RU9heW9xZXNoamZpQ0ovMWxyZlRZRmRiVQo0UzZacHFlR1Q2dnUrNlFHbG0xL3lsc2ZTenRzQlJzN2JzZTlkU2tzb2xaWDMyTHA1VEVSVzBncGkvZXBLZVhvCllIMmRWZEZ0QlpRMlF5L2tyazhXMW5nckFKOHdiRG1yWUFaVU41bXllV1hydElMRW5raEl0cFZlUDZNdE1QSloKTDhYU0haMDR5d1lkL1d5aSt4QXQ3clJVeEZ2dk1zdzFYb05qK3RjVXBRcWZlMUR2TzUwWlVmSkhlaktmT3gwRwpvNk9tZUFhUklLWWh2emtjZzFVU3d2aE4rK3ZMQWdNQkFBR2pXVEJYTUE0R0ExVWREd0VCL3dRRUF3SUNwREFQCkJnTlZIUk1CQWY4RUJUQURBUUgvTUIwR0ExVWREZ1FXQkJUTnpTQmEyeVNmc1UzVkY5ZWYreEZSZngzemZ6QVYKQmdOVkhSRUVEakFNZ2dwcmRXSmxjbTVsZEdWek1BMEdDU3FHU0liM0RRRUJDd1VBQTRJQkFRQk9sMkFLWVBRQwpUSXo0WjJUUGRGdGo1MzY5d3UxWlpRcUpJNVZvUlpwUHlDdzM4ODI1dE5ha1pqaVFxbE04QTAvOUZNZEk3RmxmCldsMHZ0WkV3NzlnYXFoU01PVG14cEUzYitrNC9ncmc0MEdkbXB0OEltKzBKampVUzZ2d09VRisxMVB1aEw5VTkKSVN5QTdjT1ZFNzljNFNOQWFNcTFRYjZ6VFdpcDJOS1N5V2VreXoxTWlsb1doL0Z5NlE0cmtlMWlrY2lGYkVhdApVTFVCRlVrZ3RmeENmTmlrU3ZHOFhEd1lYeWIzYWdJZllJNUJCTHJPQmphdUdJVnlDWFU4aEgyMG9NTDI0SlA3ClpEYTFQQXEvTW1pRGRlSmw2ZzU3Zzljbk0yaElLQWVIcG9RQVJjNjFWOUMxR2N3eEdlSlZTMk9rMEJzZVNmUzUKeXhuaExHK1NyR2h0Ci0tLS0tRU5EIENFUlRJRklDQVRFLS0tLS0K"
              }
            ],
            "cluster_id": null,
            "compute_config": [
              {
                "enabled": false,
                "node_pools": [],
                "node_role_arn": ""
              }
            ],
            "control_plane_scaling_config": [
              {
                "tier": "standard"
              }
            ],
            "created_at": "2025-11-30T19:39:47Z",
            "deletion_protection": false,
            "enabled_cluster_log_types": [],
            "encryption_config": [],
            "endpoint": "https://0992C77C55DC4092736B55240A296F1E.gr7.us-east-1.eks.amazonaws.com",
            "force_update_version": null,
            "id": "testcluster",
            "identity": [
              {
                "oidc": [
                  {
                    "issuer": "https://oidc.eks.us-east-1.amazonaws.com/id/0992C77C55DC4092736B55240A296F1E"
                  }
                ]
              }
            ],
            "kubernetes_network_config": [
              {
                "elastic_load_balancing": [
                  {
                    "enabled": false
                  }
                ],
                "ip_family": "ipv4",
                "service_ipv4_cidr": "172.20.0.0/16",
                "service_ipv6_cidr": ""
              }
            ],
            "name": "testcluster",
            "outpost_config": [],
            "platform_version": "eks.9",
            "region": "us-east-1",
            "remote_network_config": [],
            "role_arn": "arn:aws:iam::260947732003:role/eksiamtest",
            "status": "ACTIVE",
            "storage_config": [
              {
                "block_storage": [
                  {
                    "enabled": false
                  }
                ]
              }
            ],
            "tags": {},
            "tags_all": {},
            "timeouts": null,
            "upgrade_policy": [
              {
                "support_type": "EXTENDED"
              }
            ],
            "version": "1.34",
            "vpc_config": [
              {
                "cluster_security_group_id": "sg-02f31bded632d8552",
                "endpoint_private_access": false,
                "endpoint_public_access": true,
                "public_access_cidrs": [
                  "0.0.0.0/0"
                ],
                "security_group_ids": [],
                "subnet_ids": [
                  "subnet-04f296a512b189f52",
                  "subnet-0971f58d03bc1bb1e"
                ],
                "vpc_id": "vpc-095553107e856e1ca"
              }
            ],
            "zonal_shift_config": []
          },
          "sensitive_attributes": [],
          "private": "eyJlMmJmYjczMC1lY2FhLTExZTYtOGY4OC0zNDM2M2JjN2M0YzAiOnsiY3JlYXRlIjoxODAwMDAwMDAwMDAwLCJkZWxldGUiOjkwMDAwMDAwMDAwMCwidXBkYXRlIjozNjAwMDAwMDAwMDAwfSwic2NoZW1hX3ZlcnNpb24iOiIxIn0=",
          "dependencies": [
            "aws_iam_role.eksiam",
            "data.aws_subnet.private",
            "data.aws_subnet.private_c",
            "data.aws_vpc.main_vpc"
          ]
        }
      ]
    },
    {
      "mode": "managed",
      "type": "aws_eks_node_group",
      "name": "nodegrouptest",
      "provider": "provider[\"registry.terraform.io/hashicorp/aws\"]",
      "instances": [
        {
          "schema_version": 0,
          "attributes": {
            "ami_type": "AL2023_x86_64_STANDARD",
            "arn": "arn:aws:eks:us-east-1:260947732003:nodegroup/testcluster/NodeGroup/a2cd6b2d-d050-f789-4c42-f147ebe6a5c0",
            "capacity_type": "ON_DEMAND",
            "cluster_name": "testcluster",
            "disk_size": 20,
            "force_update_version": null,
            "id": "testcluster:NodeGroup",
            "instance_types": [
              "t3.medium"
            ],
            "labels": null,
            "launch_template": [],
            "node_group_name": "NodeGroup",
            "node_group_name_prefix": "",
            "node_repair_config": [],
            "node_role_arn": "arn:aws:iam::260947732003:role/eksiamtest",
            "region": "us-east-1",
            "release_version": "1.34.2-20251120",
            "remote_access": [],
            "resources": [
              {
                "autoscaling_groups": [
                  {
                    "name": "eks-NodeGroup-a2cd6b2d-d050-f789-4c42-f147ebe6a5c0"
                  }
                ],
                "remote_access_security_group_id": ""
              }
            ],
            "scaling_config": [
              {
                "desired_size": 1,
                "max_size": 3,
                "min_size": 1
              }
            ],
            "status": "ACTIVE",
            "subnet_ids": [
              "subnet-04f296a512b189f52",
              "subnet-0971f58d03bc1bb1e"
            ],
            "tags": null,
            "tags_all": {},
            "taint": [],
            "timeouts": null,
            "update_config": [
              {
                "max_unavailable": 1,
                "max_unavailable_percentage": 0
              }
            ],
            "version": "1.34"
          },
          "sensitive_attributes": [],
          "private": "eyJlMmJmYjczMC1lY2FhLTExZTYtOGY4OC0zNDM2M2JjN2M0YzAiOnsiY3JlYXRlIjozNjAwMDAwMDAwMDAwLCJkZWxldGUiOjM2MDAwMDAwMDAwMDAsInVwZGF0ZSI6MzYwMDAwMDAwMDAwMH19",
          "dependencies": [
            "aws_eks_cluster.testcluster",
            "aws_iam_role.eksiam",
            "data.aws_subnet.private",
            "data.aws_subnet.private_c"
          ]
        }
      ]
    },
    {
      "mode": "managed",
      "type": "aws_iam_role",
      "name": "eksiam",
      "provider": "provider[\"registry.terraform.io/hashicorp/aws\"]",
      "instances": [
        {
          "schema_version": 0,
          "attributes": {
            "arn": "arn:aws:iam::260947732003:role/eksiamtest",
            "assume_role_policy": "{\"Statement\":[{\"Action\":\"sts:AssumeRole\",\"Effect\":\"Allow\",\"Principal\":{\"Service\":[\"eks.amazonaws.com\",\"ec2.amazonaws.com\"]}}],\"Version\":\"2012-10-17\"}",
            "create_date": "2025-11-30T19:19:31Z",
            "description": "",
            "force_detach_policies": false,
            "id": "eksiamtest",
            "inline_policy": [],
            "managed_policy_arns": [
              "arn:aws:iam::aws:policy/AmazonEC2ContainerRegistryReadOnly",
              "arn:aws:iam::aws:policy/AmazonEKSClusterPolicy",
              "arn:aws:iam::aws:policy/AmazonEKSWorkerNodePolicy",
              "arn:aws:iam::aws:policy/AmazonEKS_CNI_Policy"
            ],
            "max_session_duration": 3600,
            "name": "eksiamtest",
            "name_prefix": "",
            "path": "/",
            "permissions_boundary": "",
            "tags": {},
            "tags_all": {},
            "unique_id": "AROATZQNSMYRQCBJOZ36E"
          },
          "sensitive_attributes": [],
          "private": "bnVsbA=="
        }
      ]
    },
    {
      "mode": "managed",
      "type": "aws_iam_role_policy_attachment",
      "name": "eksiamtest-AmazonEC2ContainerRegistryReadOnly",
      "provider": "provider[\"registry.terraform.io/hashicorp/aws\"]",
      "instances": [
        {
          "schema_version": 0,
          "attributes": {
            "id": "eksiamtest/arn:aws:iam::aws:policy/AmazonEC2ContainerRegistryReadOnly",
            "policy_arn": "arn:aws:iam::aws:policy/AmazonEC2ContainerRegistryReadOnly",
            "role": "eksiamtest"
          },
          "sensitive_attributes": [],
          "private": "bnVsbA==",
          "dependencies": [
            "aws_iam_role.eksiam"
          ]
        }
      ]
    },
    {
      "mode": "managed",
      "type": "aws_iam_role_policy_attachment",
      "name": "eksiamtest-AmazonEKSClusterPolicy",
      "provider": "provider[\"registry.terraform.io/hashicorp/aws\"]",
      "instances": [
        {
          "schema_version": 0,
          "attributes": {
            "id": "eksiamtest/arn:aws:iam::aws:policy/AmazonEKSClusterPolicy",
            "policy_arn": "arn:aws:iam::aws:policy/AmazonEKSClusterPolicy",
            "role": "eksiamtest"
          },
          "sensitive_attributes": [],
          "private": "bnVsbA==",
          "dependencies": [
            "aws_iam_role.eksiam"
          ]
        }
      ]
    },
    {
      "mode": "managed",
      "type": "aws_iam_role_policy_attachment",
      "name": "eksiamtest-AmazonEKSWorkerNodePolicy",
      "provider": "provider[\"registry.terraform.io/hashicorp/aws\"]",
      "instances": [
        {
          "schema_version": 0,
          "attributes": {
            "id": "eksiamtest/arn:aws:iam::aws:policy/AmazonEKSWorkerNodePolicy",
            "policy_arn": "arn:aws:iam::aws:policy/AmazonEKSWorkerNodePolicy",
            "role": "eksiamtest"
          },
          "sensitive_attributes": [],
          "private": "bnVsbA==",
          "dependencies": [
            "aws_iam_role.eksiam"
          ]
        }
      ]
    },
    {
      "mode": "managed",
      "type": "aws_iam_role_policy_attachment",
      "name": "eksiamtest-AmazonEKS_CNI_Policy",
      "provider": "provider[\"registry.terraform.io/hashicorp/aws\"]",
      "instances": [
        {
          "schema_version": 0,
          "attributes": {
            "id": "eksiamtest/arn:aws:iam::aws:policy/AmazonEKS_CNI_Policy",
            "policy_arn": "arn:aws:iam::aws:policy/AmazonEKS_CNI_Policy",
            "role": "eksiamtest"
          },
          "sensitive_attributes": [],
          "private": "bnVsbA==",
          "dependencies": [
            "aws_iam_role.eksiam"
          ]
        }
      ]
    }
  ]
}
